[{<<"certifi">>,{pkg,<<"certifi">>,<<"0.7.0">>},2},
 {<<"cowboy">>,{pkg,<<"cowboy">>,<<"1.0.4">>},1},
 {<<"cowlib">>,{pkg,<<"cowlib">>,<<"1.0.2">>},2},
 {<<"dmsl">>,
  {git,"git@github.com:rbkmoney/damsel_erlang.git",
       {ref,"874bdc5cac1525ecb666413d0d17e7a37a25b63b"}},
  0},
 {<<"dmt">>,
  {git,"git@github.com:rbkmoney/dmt_core.git",
       {ref,"cbcc1d24b8e50afc50a884a829c808d30da1a521"}},
  0},
 {<<"dmt_client">>,
  {git,"git@github.com:rbkmoney/dmt_client.git",
       {ref,"8b2982e409b39076d41320dd08155eecf406cc1a"}},
  0},
 {<<"genlib">>,
  {git,"https://github.com/rbkmoney/genlib.git",
       {ref,"ea85932ecf19fe39c87237fe5916ba1f65fc0bd6"}},
  0},
 {<<"goldrush">>,{pkg,<<"goldrush">>,<<"0.1.7">>},1},
 {<<"hackney">>,{pkg,<<"hackney">>,<<"1.6.2">>},1},
 {<<"idna">>,{pkg,<<"idna">>,<<"1.2.0">>},2},
 {<<"jsx">>,{pkg,<<"jsx">>,<<"2.8.0">>},1},
 {<<"lager">>,{pkg,<<"lager">>,<<"3.0.2">>},0},
 {<<"lager_logstash_formatter">>,
  {git,"git@github.com:rbkmoney/lager_logstash_formatter.git",
       {ref,"ea2967f656d344429a71e59b5acaff4c234ad15b"}},
  0},
 {<<"metrics">>,{pkg,<<"metrics">>,<<"1.0.1">>},2},
 {<<"mimerl">>,{pkg,<<"mimerl">>,<<"1.0.2">>},2},
 {<<"ranch">>,{pkg,<<"ranch">>,<<"1.2.1">>},2},
 {<<"rfc3339">>,{pkg,<<"rfc3339">>,<<"0.2.0">>},1},
 {<<"snowflake">>,
  {git,"https://github.com/rbkmoney/snowflake.git",
       {ref,"36b978a3ad711c9d9349b799a24c5499a95ae29a"}},
  1},
 {<<"ssl_verify_fun">>,{pkg,<<"ssl_verify_fun">>,<<"1.1.1">>},2},
 {<<"thrift">>,
  {git,"https://github.com/rbkmoney/thrift_erlang.git",
       {ref,"aca7fca9f1a7161a1324bf5b92f8402c90d0519e"}},
  1},
 {<<"woody">>,
  {git,"git@github.com:rbkmoney/woody_erlang.git",
       {ref,"e1782b323ba324157f144ae75f1141e17dd5d027"}},
  0}].
