[{<<"certifi">>,{pkg,<<"certifi">>,<<"0.7.0">>},2},
 {<<"cowboy">>,{pkg,<<"cowboy">>,<<"1.0.4">>},1},
 {<<"cowlib">>,{pkg,<<"cowlib">>,<<"1.0.2">>},2},
 {<<"dmsl">>,
  {git,"git@github.com:rbkmoney/damsel_erlang.git",
       {ref,"33d87167d5bc0827f9b6ea009eb049e85bf7cc22"}},
  0},
 {<<"dmt">>,
  {git,"git@github.com:rbkmoney/dmt_core.git",
       {ref,"9f2b07caa089cdc806369796190aae00141b386e"}},
  0},
 {<<"dmt_client">>,
  {git,"git@github.com:rbkmoney/dmt_client.git",
       {ref,"97a215e95706dacc536f215538fe39090bdfb6b0"}},
  0},
 {<<"genlib">>,
  {git,"https://github.com/rbkmoney/genlib.git",
       {ref,"02998eb643c9c6b49969fc77054c4925b883bf26"}},
  0},
 {<<"goldrush">>,{pkg,<<"goldrush">>,<<"0.1.7">>},1},
 {<<"hackney">>,{pkg,<<"hackney">>,<<"1.6.2">>},1},
 {<<"idna">>,{pkg,<<"idna">>,<<"1.2.0">>},2},
 {<<"jsx">>,{pkg,<<"jsx">>,<<"2.8.0">>},1},
 {<<"lager">>,{pkg,<<"lager">>,<<"3.0.2">>},0},
 {<<"lager_logstash_formatter">>,
  {git,"git@github.com:rbkmoney/lager_logstash_formatter.git",
       {ref,"562ec7a42020e2fed4bd80fee9bb585eb634befb"}},
  0},
 {<<"metrics">>,{pkg,<<"metrics">>,<<"1.0.1">>},2},
 {<<"mimerl">>,{pkg,<<"mimerl">>,<<"1.0.2">>},2},
 {<<"ranch">>,{pkg,<<"ranch">>,<<"1.2.1">>},2},
 {<<"rfc3339">>,{pkg,<<"rfc3339">>,<<"0.2.0">>},1},
 {<<"snowflake">>,
  {git,"https://github.com/rbkmoney/snowflake.git",
       {ref,"36b978a3ad711c9d9349b799a24c5499a95ae29a"}},
  1},
 {<<"ssl_verify_fun">>,{pkg,<<"ssl_verify_fun">>,<<"1.1.1">>},2},
 {<<"thrift">>,
  {git,"https://github.com/rbkmoney/thrift_erlang.git",
       {ref,"aca7fca9f1a7161a1324bf5b92f8402c90d0519e"}},
  1},
 {<<"woody">>,
  {git,"git@github.com:rbkmoney/woody_erlang.git",
       {ref,"249fa01d1385babf7da96aeb82d9ed006d55465d"}},
  0}].
